// !$*UTF8*$!
{
	archiveVersion = 1;
	classes = {
	};
	objectVersion = 50;
	objects = {

/* Begin PBXBuildFile section */
		67CF8978225D3DD4009DD2AF /* AppDelegate.swift in Sources */ = {isa = PBXBuildFile; fileRef = 67CF8977225D3DD4009DD2AF /* AppDelegate.swift */; };
		67CF897A225D3DD4009DD2AF /* ViewController.swift in Sources */ = {isa = PBXBuildFile; fileRef = 67CF8979225D3DD4009DD2AF /* ViewController.swift */; };
		67CF897D225D3DD4009DD2AF /* Main.storyboard in Resources */ = {isa = PBXBuildFile; fileRef = 67CF897B225D3DD4009DD2AF /* Main.storyboard */; };
		67CF897F225D3DD9009DD2AF /* Assets.xcassets in Resources */ = {isa = PBXBuildFile; fileRef = 67CF897E225D3DD9009DD2AF /* Assets.xcassets */; };
		67CF8982225D3DD9009DD2AF /* LaunchScreen.storyboard in Resources */ = {isa = PBXBuildFile; fileRef = 67CF8980225D3DD9009DD2AF /* LaunchScreen.storyboard */; };
		67CF898C225D64EB009DD2AF /* items.swift in Sources */ = {isa = PBXBuildFile; fileRef = 67CF898B225D64EB009DD2AF /* items.swift */; };
/* End PBXBuildFile section */

/* Begin PBXFileReference section */
		67CF8974225D3DD4009DD2AF /* toDayCoreData.app */ = {isa = PBXFileReference; explicitFileType = wrapper.application; includeInIndex = 0; path = toDayCoreData.app; sourceTree = BUILT_PRODUCTS_DIR; };
		67CF8977225D3DD4009DD2AF /* AppDelegate.swift */ = {isa = PBXFileReference; lastKnownFileType = sourcecode.swift; path = AppDelegate.swift; sourceTree = "<group>"; };
		67CF8979225D3DD4009DD2AF /* ViewController.swift */ = {isa = PBXFileReference; lastKnownFileType = sourcecode.swift; path = ViewController.swift; sourceTree = "<group>"; };
		67CF897C225D3DD4009DD2AF /* Base */ = {isa = PBXFileReference; lastKnownFileType = file.storyboard; name = Base; path = Base.lproj/Main.storyboard; sourceTree = "<group>"; };
		67CF897E225D3DD9009DD2AF /* Assets.xcassets */ = {isa = PBXFileReference; lastKnownFileType = folder.assetcatalog; path = Assets.xcassets; sourceTree = "<group>"; };
		67CF8981225D3DD9009DD2AF /* Base */ = {isa = PBXFileReference; lastKnownFileType = file.storyboard; name = Base; path = Base.lproj/LaunchScreen.storyboard; sourceTree = "<group>"; };
		67CF8983225D3DD9009DD2AF /* Info.plist */ = {isa = PBXFileReference; lastKnownFileType = text.plist.xml; path = Info.plist; sourceTree = "<group>"; };
		67CF898B225D64EB009DD2AF /* items.swift */ = {isa = PBXFileReference; lastKnownFileType = sourcecode.swift; path = items.swift; sourceTree = "<group>"; };
/* End PBXFileReference section */

/* Begin PBXFrameworksBuildPhase section */
		67CF8971225D3DD3009DD2AF /* Frameworks */ = {
			isa = PBXFrameworksBuildPhase;
			buildActionMask = 2147483647;
			files = (
			);
			runOnlyForDeploymentPostprocessing = 0;
		};
/* End PBXFrameworksBuildPhase section */

/* Begin PBXGroup section */
		67CF896B225D3DD2009DD2AF = {
			isa = PBXGroup;
			children = (
				67CF8976225D3DD4009DD2AF /* toDayCoreData */,
				67CF8975225D3DD4009DD2AF /* Products */,
			);
			sourceTree = "<group>";
		};
		67CF8975225D3DD4009DD2AF /* Products */ = {
			isa = PBXGroup;
			children = (
				67CF8974225D3DD4009DD2AF /* toDayCoreData.app */,
			);
			name = Products;
			sourceTree = "<group>";
		};
		67CF8976225D3DD4009DD2AF /* toDayCoreData */ = {
			isa = PBXGroup;
			children = (
				67CF898A225D64D0009DD2AF /* Model */,
				67CF8989225D64C5009DD2AF /* controller */,
				67CF898D225D64FB009DD2AF /* Views */,
				67CF8977225D3DD4009DD2AF /* AppDelegate.swift */,
				67CF897E225D3DD9009DD2AF /* Assets.xcassets */,
				67CF8980225D3DD9009DD2AF /* LaunchScreen.storyboard */,
				67CF8983225D3DD9009DD2AF /* Info.plist */,
			);
			path = toDayCoreData;
			sourceTree = "<group>";
		};
		67CF8989225D64C5009DD2AF /* controller */ = {
			isa = PBXGroup;
			children = (
				67CF8979225D3DD4009DD2AF /* ViewController.swift */,
			);
			path = controller;
			sourceTree = "<group>";
		};
		67CF898A225D64D0009DD2AF /* Model */ = {
			isa = PBXGroup;
			children = (
				67CF898B225D64EB009DD2AF /* items.swift */,
			);
			path = Model;
			sourceTree = "<group>";
		};
		67CF898D225D64FB009DD2AF /* Views */ = {
			isa = PBXGroup;
			children = (
				67CF897B225D3DD4009DD2AF /* Main.storyboard */,
			);
			path = Views;
			sourceTree = "<group>";
		};
/* End PBXGroup section */

/* Begin PBXNativeTarget section */
		67CF8973225D3DD3009DD2AF /* toDayCoreData */ = {
			isa = PBXNativeTarget;
			buildConfigurationList = 67CF8986225D3DD9009DD2AF /* Build configuration list for PBXNativeTarget "toDayCoreData" */;
			buildPhases = (
				67CF8970225D3DD3009DD2AF /* Sources */,
				67CF8971225D3DD3009DD2AF /* Frameworks */,
				67CF8972225D3DD3009DD2AF /* Resources */,
			);
			buildRules = (
			);
			dependencies = (
			);
			name = toDayCoreData;
			productName = toDayCoreData;
			productReference = 67CF8974225D3DD4009DD2AF /* toDayCoreData.app */;
			productType = "com.apple.product-type.application";
		};
/* End PBXNativeTarget section */

/* Begin PBXProject section */
		67CF896C225D3DD2009DD2AF /* Project object */ = {
			isa = PBXProject;
			attributes = {
				LastSwiftUpdateCheck = 1000;
				LastUpgradeCheck = 1000;
				ORGANIZATIONNAME = youssef;
				TargetAttributes = {
					67CF8973225D3DD3009DD2AF = {
						CreatedOnToolsVersion = 10.0;
					};
				};
			};
			buildConfigurationList = 67CF896F225D3DD2009DD2AF /* Build configuration list for PBXProject "toDayCoreData" */;
			compatibilityVersion = "Xcode 9.3";
			developmentRegion = en;
			hasScannedForEncodings = 0;
			knownRegions = (
				en,
				Base,
			);
			mainGroup = 67CF896B225D3DD2009DD2AF;
			productRefGroup = 67CF8975225D3DD4009DD2AF /* Products */;
			projectDirPath = "";
			projectRoot = "";
			targets = (
				67CF8973225D3DD3009DD2AF /* toDayCoreData */,
			);
		};
/* End PBXProject section */

/* Begin PBXResourcesBuildPhase section */
		67CF8972225D3DD3009DD2AF /* Resources */ = {
			isa = PBXResourcesBuildPhase;
			buildActionMask = 2147483647;
			files = (
				67CF8982225D3DD9009DD2AF /* LaunchScreen.storyboard in Resources */,
				67CF897F225D3DD9009DD2AF /* Assets.xcassets in Resources */,
				67CF897D225D3DD4009DD2AF /* Main.storyboard in Resources */,
			);
			runOnlyForDeploymentPostprocessing = 0;
		};
/* End PBXResourcesBuildPhase section */

/* Begin PBXSourcesBuildPhase section */
		67CF8970225D3DD3009DD2AF /* Sources */ = {
			isa = PBXSourcesBuildPhase;
			buildActionMask = 2147483647;
			files = (
				67CF897A225D3DD4009DD2AF /* ViewController.swift in Sources */,
				67CF8978225D3DD4009DD2AF /* AppDelegate.swift in Sources */,
				67CF898C225D64EB009DD2AF /* items.swift in Sources */,
			);
			runOnlyForDeploymentPostprocessing = 0;
		};
/* End PBXSourcesBuildPhase section */

/* Begin PBXVariantGroup section */
		67CF897B225D3DD4009DD2AF /* Main.storyboard */ = {
			isa = PBXVariantGroup;
			children = (
				67CF897C225D3DD4009DD2AF /* Base */,
			);
			name = Main.storyboard;
			sourceTree = "<group>";
		};
		67CF8980225D3DD9009DD2AF /* LaunchScreen.storyboard */ = {
			isa = PBXVariantGroup;
			children = (
				67CF8981225D3DD9009DD2AF /* Base */,
			);
			name = LaunchScreen.storyboard;
			sourceTree = "<group>";
		};
/* End PBXVariantGroup section */

/* Begin XCBuildConfiguration section */
		67CF8984225D3DD9009DD2AF /* Debug */ = {
			isa = XCBuildConfiguration;
			buildSettings = {
				ALWAYS_SEARCH_USER_PATHS = NO;
				CLANG_ANALYZER_NONNULL = YES;
				CLANG_ANALYZER_NUMBER_OBJECT_CONVERSION = YES_AGGRESSIVE;
				CLANG_CXX_LANGUAGE_STANDARD = "gnu++14";
				CLANG_CXX_LIBRARY = "libc++";
				CLANG_ENABLE_MODULES = YES;
				CLANG_ENABLE_OBJC_ARC = YES;
				CLANG_ENABLE_OBJC_WEAK = YES;
				CLANG_WARN_BLOCK_CAPTURE_AUTORELEASING = YES;
				CLANG_WARN_BOOL_CONVERSION = YES;
				CLANG_WARN_COMMA = YES;
				CLANG_WARN_CONSTANT_CONVERSION = YES;
				CLANG_WARN_DEPRECATED_OBJC_IMPLEMENTATIONS = YES;
				CLANG_WARN_DIRECT_OBJC_ISA_USAGE = YES_ERROR;
				CLANG_WARN_DOCUMENTATION_COMMENTS = YES;
				CLANG_WARN_EMPTY_BODY = YES;
				CLANG_WARN_ENUM_CONVERSION = YES;
				CLANG_WARN_INFINITE_RECURSION = YES;
				CLANG_WARN_INT_CONVERSION = YES;
				CLANG_WARN_NON_LITERAL_NULL_CONVERSION = YES;
				CLANG_WARN_OBJC_IMPLICIT_RETAIN_SELF = YES;
				CLANG_WARN_OBJC_LITERAL_CONVERSION = YES;
				CLANG_WARN_OBJC_ROOT_CLASS = YES_ERROR;
				CLANG_WARN_RANGE_LOOP_ANALYSIS = YES;
				CLANG_WARN_STRICT_PROTOTYPES = YES;
				CLANG_WARN_SUSPICIOUS_MOVE = YES;
				CLANG_WARN_UNGUARDED_AVAILABILITY = YES_AGGRESSIVE;
				CLANG_WARN_UNREACHABLE_CODE = YES;
				CLANG_WARN__DUPLICATE_METHOD_MATCH = YES;
				CODE_SIGN_IDENTITY = "iPhone Developer";
				COPY_PHASE_STRIP = NO;
				DEBUG_INFORMATION_FORMAT = dwarf;
				ENABLE_STRICT_OBJC_MSGSEND = YES;
				ENABLE_TESTABILITY = YES;
				GCC_C_LANGUAGE_STANDARD = gnu11;
				GCC_DYNAMIC_NO_PIC = NO;
				GCC_NO_COMMON_BLOCKS = YES;
				GCC_OPTIMIZATION_LEVEL = 0;
				GCC_PREPROCESSOR_DEFINITIONS = (
					"DEBUG=1",
					"$(inherited)",
				);
				GCC_WARN_64_TO_32_BIT_CONVERSION = YES;
				GCC_WARN_ABOUT_RETURN_TYPE = YES_ERROR;
				GCC_WARN_UNDECLARED_SELECTOR = YES;
				GCC_WARN_UNINITIALIZED_AUTOS = YES_AGGRESSIVE;
				GCC_WARN_UNUSED_FUNCTION = YES;
				GCC_WARN_UNUSED_VARIABLE = YES;
				IPHONEOS_DEPLOYMENT_TARGET = 12.0;
				MTL_ENABLE_DEBUG_INFO = INCLUDE_SOURCE;
				MTL_FAST_MATH = YES;
				ONLY_ACTIVE_ARCH = YES;
				SDKROOT = iphoneos;
				SWIFT_ACTIVE_COMPILATION_CONDITIONS = DEBUG;
				SWIFT_OPTIMIZATION_LEVEL = "-Onone";
			};
			name = Debug;
		};
		67CF8985225D3DD9009DD2AF /* Release */ = {
			isa = XCBuildConfiguration;
			buildSettings = {
				ALWAYS_SEARCH_USER_PATHS = NO;
				CLANG_ANALYZER_NONNULL = YES;
				CLANG_ANALYZER_NUMBER_OBJECT_CONVERSION = YES_AGGRESSIVE;
				CLANG_CXX_LANGUAGE_STANDARD = "gnu++14";
				CLANG_CXX_LIBRARY = "libc++";
				CLANG_ENABLE_MODULES = YES;
				CLANG_ENABLE_OBJC_ARC = YES;
				CLANG_ENABLE_OBJC_WEAK = YES;
				CLANG_WARN_BLOCK_CAPTURE_AUTORELEASING = YES;
				CLANG_WARN_BOOL_CONVERSION = YES;
				CLANG_WARN_COMMA = YES;
				CLANG_WARN_CONSTANT_CONVERSION = YES;
				CLANG_WARN_DEPRECATED_OBJC_IMPLEMENTATIONS = YES;
				CLANG_WARN_DIRECT_OBJC_ISA_USAGE = YES_ERROR;
				CLANG_WARN_DOCUMENTATION_COMMENTS = YES;
				CLANG_WARN_EMPTY_BODY = YES;
				CLANG_WARN_ENUM_CONVERSION = YES;
				CLANG_WARN_INFINITE_RECURSION = YES;
				CLANG_WARN_INT_CONVERSION = YES;
				CLANG_WARN_NON_LITERAL_NULL_CONVERSION = YES;
				CLANG_WARN_OBJC_IMPLICIT_RETAIN_SELF = YES;
				CLANG_WARN_OBJC_LITERAL_CONVERSION = YES;
				CLANG_WARN_OBJC_ROOT_CLASS = YES_ERROR;
				CLANG_WARN_RANGE_LOOP_ANALYSIS = YES;
				CLANG_WARN_STRICT_PROTOTYPES = YES;
				CLANG_WARN_SUSPICIOUS_MOVE = YES;
				CLANG_WARN_UNGUARDED_AVAILABILITY = YES_AGGRESSIVE;
				CLANG_WARN_UNREACHABLE_CODE = YES;
				CLANG_WARN__DUPLICATE_METHOD_MATCH = YES;
				CODE_SIGN_IDENTITY = "iPhone Developer";
				COPY_PHASE_STRIP = NO;
				DEBUG_INFORMATION_FORMAT = "dwarf-with-dsym";
				ENABLE_NS_ASSERTIONS = NO;
				ENABLE_STRICT_OBJC_MSGSEND = YES;
				GCC_C_LANGUAGE_STANDARD = gnu11;
				GCC_NO_COMMON_BLOCKS = YES;
				GCC_WARN_64_TO_32_BIT_CONVERSION = YES;
				GCC_WARN_ABOUT_RETURN_TYPE = YES_ERROR;
				GCC_WARN_UNDECLARED_SELECTOR = YES;
				GCC_WARN_UNINITIALIZED_AUTOS = YES_AGGRESSIVE;
				GCC_WARN_UNUSED_FUNCTION = YES;
				GCC_WARN_UNUSED_VARIABLE = YES;
				IPHONEOS_DEPLOYMENT_TARGET = 12.0;
				MTL_ENABLE_DEBUG_INFO = NO;
				MTL_FAST_MATH = YES;
				SDKROOT = iphoneos;
				SWIFT_COMPILATION_MODE = wholemodule;
				SWIFT_OPTIMIZATION_LEVEL = "-O";
				VALIDATE_PRODUCT = YES;
			};
			name = Release;
		};
		67CF8987225D3DD9009DD2AF /* Debug */ = {
			isa = XCBuildConfiguration;
			buildSettings = {
				ASSETCATALOG_COMPILER_APPICON_NAME = AppIcon;
				CODE_SIGN_STYLE = Automatic;
				INFOPLIST_FILE = toDayCoreData/Info.plist;
				LD_RUNPATH_SEARCH_PATHS = (
					"$(inherited)",
					"@executable_path/Frameworks",
				);
				PRODUCT_BUNDLE_IDENTIFIER = personal.toDayCoreData;
				PRODUCT_NAME = "$(TARGET_NAME)";
				SWIFT_VERSION = 4.2;
				TARGETED_DEVICE_FAMILY = "1,2";
			};
			name = Debug;
		};
		67CF8988225D3DD9009DD2AF /* Release */ = {
			isa = XCBuildConfiguration;
			buildSettings = {
				ASSETCATALOG_COMPILER_APPICON_NAME = AppIcon;
				CODE_SIGN_STYLE = Automatic;
				INFOPLIST_FILE = toDayCoreData/Info.plist;
				LD_RUNPATH_SEARCH_PATHS = (
					"$(inherited)",
					"@executable_path/Frameworks",
				);
				PRODUCT_BUNDLE_IDENTIFIER = personal.toDayCoreData;
				PRODUCT_NAME = "$(TARGET_NAME)";
				SWIFT_VERSION = 4.2;
				TARGETED_DEVICE_FAMILY = "1,2";
			};
			name = Release;
		};
/* End XCBuildConfiguration section */

/* Begin XCConfigurationList section */
		67CF896F225D3DD2009DD2AF /* Build configuration list for PBXProject "toDayCoreData" */ = {
			isa = XCConfigurationList;
			buildConfigurations = (
				67CF8984225D3DD9009DD2AF /* Debug */,
				67CF8985225D3DD9009DD2AF /* Release */,
			);
			defaultConfigurationIsVisible = 0;
			defaultConfigurationName = Release;
		};
		67CF8986225D3DD9009DD2AF /* Build configuration list for PBXNativeTarget "toDayCoreData" */ = {
			isa = XCConfigurationList;
			buildConfigurations = (
				67CF8987225D3DD9009DD2AF /* Debug */,
				67CF8988225D3DD9009DD2AF /* Release */,
			);
			defaultConfigurationIsVisible = 0;
			defaultConfigurationName = Release;
		};
/* End XCConfigurationList section */
	};
	rootObject = 67CF896C225D3DD2009DD2AF /* Project object */;
}
